
Microsoft Visual Studio Solution File, Format Version 12.00
# Visual Studio 14
VisualStudioVersion = 14.0.25420.1
MinimumVisualStudioVersion = 10.0.40219.1
Project("{FAE04EC0-301F-11D3-BF4B-00C04F79EFBC}") = "GameSystem", "GameSystem\GameSystem.csproj", "{A27E3F59-2515-4285-99BF-4EDB6D98880F}"
EndProject
Project("{FAE04EC0-301F-11D3-BF4B-00C04F79EFBC}") = "TestTheSystem", "TestTheSystem\TestTheSystem.csproj", "{DD66A851-7C26-41B4-879C-DDE175F9BC28}"
	ProjectSection(ProjectDependencies) = postProject
		{A27E3F59-2515-4285-99BF-4EDB6D98880F} = {A27E3F59-2515-4285-99BF-4EDB6D98880F}
	EndProjectSection
EndProject
Project("{FAE04EC0-301F-11D3-BF4B-00C04F79EFBC}") = "CharacterView", "CharacterView\CharacterView.csproj", "{1ABDEDE5-787F-469F-B4E6-A863CCBB762E}"
	ProjectSection(ProjectDependencies) = postProject
		{A27E3F59-2515-4285-99BF-4EDB6D98880F} = {A27E3F59-2515-4285-99BF-4EDB6D98880F}
	EndProjectSection
EndProject
Global
	GlobalSection(SolutionConfigurationPlatforms) = preSolution
		Debug|Any CPU = Debug|Any CPU
		Release|Any CPU = Release|Any CPU
	EndGlobalSection
	GlobalSection(ProjectConfigurationPlatforms) = postSolution
		{A27E3F59-2515-4285-99BF-4EDB6D98880F}.Debug|Any CPU.ActiveCfg = Debug|Any CPU
		{A27E3F59-2515-4285-99BF-4EDB6D98880F}.Debug|Any CPU.Build.0 = Debug|Any CPU
		{A27E3F59-2515-4285-99BF-4EDB6D98880F}.Release|Any CPU.ActiveCfg = Release|Any CPU
		{A27E3F59-2515-4285-99BF-4EDB6D98880F}.Release|Any CPU.Build.0 = Release|Any CPU
		{DD66A851-7C26-41B4-879C-DDE175F9BC28}.Debug|Any CPU.ActiveCfg = Debug|Any CPU
		{DD66A851-7C26-41B4-879C-DDE175F9BC28}.Debug|Any CPU.Build.0 = Debug|Any CPU
		{DD66A851-7C26-41B4-879C-DDE175F9BC28}.Release|Any CPU.ActiveCfg = Release|Any CPU
		{DD66A851-7C26-41B4-879C-DDE175F9BC28}.Release|Any CPU.Build.0 = Release|Any CPU
		{1ABDEDE5-787F-469F-B4E6-A863CCBB762E}.Debug|Any CPU.ActiveCfg = Debug|Any CPU
		{1ABDEDE5-787F-469F-B4E6-A863CCBB762E}.Debug|Any CPU.Build.0 = Debug|Any CPU
		{1ABDEDE5-787F-469F-B4E6-A863CCBB762E}.Release|Any CPU.ActiveCfg = Release|Any CPU
		{1ABDEDE5-787F-469F-B4E6-A863CCBB762E}.Release|Any CPU.Build.0 = Release|Any CPU
	EndGlobalSection
	GlobalSection(SolutionProperties) = preSolution
		HideSolutionNode = FALSE
	EndGlobalSection
EndGlobal
